
Microsoft Visual Studio Solution File, Format Version 12.00
# Visual Studio Version 17
VisualStudioVersion = 17.14.36518.9
MinimumVisualStudioVersion = 10.0.40219.1
Project("{FAE04EC0-301F-11D3-BF4B-00C04F79EFBC}") = "ProyectoFinal", "ProyectoFinal\ProyectoFinal.csproj", "{D5A6CF82-008B-45CA-87CA-4502FC86A66B}"
EndProject
Project("{00D1A9C2-B5F0-4AF3-8072-F6C62B433612}") = "ProyectoDB", "ProyectoDB\ProyectoDB.sqlproj", "{7A4F9832-55C7-455D-8D4E-28A164AA7614}"
EndProject
Global
	GlobalSection(SolutionConfigurationPlatforms) = preSolution
		Debug|Any CPU = Debug|Any CPU
		Release|Any CPU = Release|Any CPU
	EndGlobalSection
	GlobalSection(ProjectConfigurationPlatforms) = postSolution
		{D5A6CF82-008B-45CA-87CA-4502FC86A66B}.Debug|Any CPU.ActiveCfg = Debug|Any CPU
		{D5A6CF82-008B-45CA-87CA-4502FC86A66B}.Debug|Any CPU.Build.0 = Debug|Any CPU
		{D5A6CF82-008B-45CA-87CA-4502FC86A66B}.Release|Any CPU.ActiveCfg = Release|Any CPU
		{D5A6CF82-008B-45CA-87CA-4502FC86A66B}.Release|Any CPU.Build.0 = Release|Any CPU
		{7A4F9832-55C7-455D-8D4E-28A164AA7614}.Debug|Any CPU.ActiveCfg = Debug|Any CPU
		{7A4F9832-55C7-455D-8D4E-28A164AA7614}.Debug|Any CPU.Build.0 = Debug|Any CPU
		{7A4F9832-55C7-455D-8D4E-28A164AA7614}.Debug|Any CPU.Deploy.0 = Debug|Any CPU
		{7A4F9832-55C7-455D-8D4E-28A164AA7614}.Release|Any CPU.ActiveCfg = Release|Any CPU
		{7A4F9832-55C7-455D-8D4E-28A164AA7614}.Release|Any CPU.Build.0 = Release|Any CPU
		{7A4F9832-55C7-455D-8D4E-28A164AA7614}.Release|Any CPU.Deploy.0 = Release|Any CPU
	EndGlobalSection
	GlobalSection(SolutionProperties) = preSolution
		HideSolutionNode = FALSE
	EndGlobalSection
	GlobalSection(ExtensibilityGlobals) = postSolution
		SolutionGuid = {3164A4B5-E897-4DA5-83E9-D0B3F14FE79E}
	EndGlobalSection
EndGlobal
